
Microsoft Visual Studio Solution File, Format Version 12.00
# Visual Studio Version 16
VisualStudioVersion = 16.0.30804.86
MinimumVisualStudioVersion = 10.0.40219.1
Project("{FAE04EC0-301F-11D3-BF4B-00C04F79EFBC}") = "WebAnahi", "WebAnahi\WebAnahi.csproj", "{89FFB0A2-3B9C-4FE1-8EEC-D6B3CBDADEB1}"
EndProject
Global
	GlobalSection(SolutionConfigurationPlatforms) = preSolution
		Debug|Any CPU = Debug|Any CPU
		Release|Any CPU = Release|Any CPU
	EndGlobalSection
	GlobalSection(ProjectConfigurationPlatforms) = postSolution
		{89FFB0A2-3B9C-4FE1-8EEC-D6B3CBDADEB1}.Debug|Any CPU.ActiveCfg = Debug|Any CPU
		{89FFB0A2-3B9C-4FE1-8EEC-D6B3CBDADEB1}.Debug|Any CPU.Build.0 = Debug|Any CPU
		{89FFB0A2-3B9C-4FE1-8EEC-D6B3CBDADEB1}.Release|Any CPU.ActiveCfg = Release|Any CPU
		{89FFB0A2-3B9C-4FE1-8EEC-D6B3CBDADEB1}.Release|Any CPU.Build.0 = Release|Any CPU
	EndGlobalSection
	GlobalSection(SolutionProperties) = preSolution
		HideSolutionNode = FALSE
	EndGlobalSection
	GlobalSection(ExtensibilityGlobals) = postSolution
		SolutionGuid = {C1CD6114-3E03-4195-A689-17DD47AC0030}
	EndGlobalSection
EndGlobal
